# THIS IS AN AUTOGENERATED FILE. DO NOT EDIT THIS FILE DIRECTLY.
# yarn lockfile v1


"@types/node@^14.14.10":
  version "14.14.10"
  resolved "https://registry.yarnpkg.com/@types/node/-/node-14.14.10.tgz#5958a82e41863cfc71f2307b3748e3491ba03785"
  integrity sha512-J32dgx2hw8vXrSbu4ZlVhn1Nm3GbeCFNw2FWL8S5QKucHGY0cyNwjdQdO+KMBZ4wpmC7KhLCiNsdk1RFRIYUQQ==

validator@^13.5.1:
  version "13.5.1"
  resolved "https://registry.yarnpkg.com/validator/-/validator-13.5.1.tgz#3926dfdd07a7e7325ab657fe46f2143eac55f076"
  integrity sha512-s+7LW1Xi0OzPNfGN7Hb2vk0YB/epp9KFHHGC5JtqZOE1dUkN4ULPFZAQ1inCu7ceAsWmOJu6sn9cnwm3R+ghWQ==
